<?xml version="1.0" encoding="utf-8"?>
<Project ToolsVersion="4.0" xmlns="http://schemas.microsoft.com/developer/msbuild/2003">
  <ItemGroup>
    <Filter Include="源文件">
      <UniqueIdentifier>{4FC737F1-C7A5-4376-A066-2A32D752A2FF}</UniqueIdentifier>
      <Extensions>cpp;c;cc;cxx;def;odl;idl;hpj;bat;asm;asmx</Extensions>
    </Filter>
    <Filter Include="头文件">
      <UniqueIdentifier>{93995380-89BD-4b04-88EB-625FBE52EBFB}</UniqueIdentifier>
      <Extensions>h;hh;hpp;hxx;hm;inl;inc;xsd</Extensions>
    </Filter>
    <Filter Include="资源文件">
      <UniqueIdentifier>{67DA6AB6-F800-4c08-8B7A-83BB121AAD01}</UniqueIdentifier>
      <Extensions>rc;ico;cur;bmp;dlg;rc2;rct;bin;rgs;gif;jpg;jpeg;jpe;resx;tiff;tif;png;wav;mfcribbon-ms</Extensions>
    </Filter>
    <Filter Include="源文件\classpath">
      <UniqueIdentifier>{3c30e5a3-768e-4ee8-b9a6-b1d0539c998e}</UniqueIdentifier>
    </Filter>
    <Filter Include="源文件\strings">
      <UniqueIdentifier>{43dc46f1-d35c-4b1d-b5f0-4d6724ed9227}</UniqueIdentifier>
    </Filter>
    <Filter Include="源文件\miniz">
      <UniqueIdentifier>{ba36d249-d800-4615-ac38-25c1073ab6d5}</UniqueIdentifier>
    </Filter>
    <Filter Include="源文件\classfile">
      <UniqueIdentifier>{f9e1de48-9e6f-4929-86bb-90da6ef02f5a}</UniqueIdentifier>
    </Filter>
    <Filter Include="源文件\rtda">
      <UniqueIdentifier>{ffa4ad8e-46b0-4af3-9342-3d8ac0ecb467}</UniqueIdentifier>
    </Filter>
    <Filter Include="源文件\instructions">
      <UniqueIdentifier>{774c3055-a949-4ea5-b009-21fd0f53900e}</UniqueIdentifier>
    </Filter>
    <Filter Include="源文件\instructions\base">
      <UniqueIdentifier>{be455bdd-81e7-4271-828e-8d9e08fc6183}</UniqueIdentifier>
    </Filter>
    <Filter Include="源文件\instructions\constants">
      <UniqueIdentifier>{dc60d48d-1f85-4522-985d-bd65ec4c6399}</UniqueIdentifier>
    </Filter>
    <Filter Include="源文件\instructions\comparisons">
      <UniqueIdentifier>{e0dc200d-1534-4747-a436-3276ae1d51f2}</UniqueIdentifier>
    </Filter>
    <Filter Include="源文件\instructions\control">
      <UniqueIdentifier>{70f9acbf-ddbf-4239-9696-dd0fcf28d4a8}</UniqueIdentifier>
    </Filter>
    <Filter Include="源文件\instructions\conversions">
      <UniqueIdentifier>{78049f26-c7e2-4d54-bb12-648c7ac3c810}</UniqueIdentifier>
    </Filter>
    <Filter Include="源文件\instructions\extended">
      <UniqueIdentifier>{24924c2c-dfef-4bf8-9f33-bda7cee50436}</UniqueIdentifier>
    </Filter>
    <Filter Include="源文件\instructions\loads">
      <UniqueIdentifier>{ae481956-2a3d-47ba-a811-baf9ce3ddf70}</UniqueIdentifier>
    </Filter>
    <Filter Include="源文件\instructions\math">
      <UniqueIdentifier>{48b3f1f3-8c4b-44fb-a99b-698cb1ae07a7}</UniqueIdentifier>
    </Filter>
    <Filter Include="源文件\instructions\stack">
      <UniqueIdentifier>{0d82f153-5574-4911-8d5c-3422864e06ee}</UniqueIdentifier>
    </Filter>
    <Filter Include="源文件\instructions\stores">
      <UniqueIdentifier>{2407a3d6-ecb6-4ab4-baab-f5a0391dd569}</UniqueIdentifier>
    </Filter>
    <Filter Include="源文件\rtda\heap">
      <UniqueIdentifier>{7de49430-025f-47aa-8d28-3f1809566d76}</UniqueIdentifier>
    </Filter>
  </ItemGroup>
  <ItemGroup>
    <ClCompile Include="main.c">
      <Filter>源文件</Filter>
    </ClCompile>
    <ClCompile Include="classpath\entry.c">
      <Filter>源文件\classpath</Filter>
    </ClCompile>
    <ClCompile Include="classpath\entry_dir.c">
      <Filter>源文件\classpath</Filter>
    </ClCompile>
    <ClCompile Include="classpath\entry_composite.c">
      <Filter>源文件\classpath</Filter>
    </ClCompile>
    <ClCompile Include="classpath\entry_wildcard.c">
      <Filter>源文件\classpath</Filter>
    </ClCompile>
    <ClCompile Include="classpath\entry_zip.c">
      <Filter>源文件\classpath</Filter>
    </ClCompile>
    <ClCompile Include="classpath\classpath.c">
      <Filter>源文件\classpath</Filter>
    </ClCompile>
    <ClCompile Include="strings\strings.c">
      <Filter>源文件\strings</Filter>
    </ClCompile>
    <ClCompile Include="miniz\minizip.c">
      <Filter>源文件\miniz</Filter>
    </ClCompile>
    <ClCompile Include="classfile\classfile.c">
      <Filter>源文件\classfile</Filter>
    </ClCompile>
    <ClCompile Include="classfile\attribute_info.c">
      <Filter>源文件\classfile</Filter>
    </ClCompile>
    <ClCompile Include="rtda\frame.c">
      <Filter>源文件\rtda</Filter>
    </ClCompile>
    <ClCompile Include="rtda\object.c">
      <Filter>源文件\rtda</Filter>
    </ClCompile>
    <ClCompile Include="rtda\thread.c">
      <Filter>源文件\rtda</Filter>
    </ClCompile>
    <ClCompile Include="rtda\jvm_stack.c">
      <Filter>源文件\rtda</Filter>
    </ClCompile>
    <ClCompile Include="rtda\operand_stack.c">
      <Filter>源文件\rtda</Filter>
    </ClCompile>
    <ClCompile Include="rtda\local_vars.c">
      <Filter>源文件\rtda</Filter>
    </ClCompile>
    <ClCompile Include="interpreter.c">
      <Filter>源文件</Filter>
    </ClCompile>
    <ClCompile Include="instructions\base\bytecode_reader.c">
      <Filter>源文件\instructions\base</Filter>
    </ClCompile>
    <ClCompile Include="instructions\factory.c">
      <Filter>源文件\instructions</Filter>
    </ClCompile>
    <ClCompile Include="instructions\constants\nop.c">
      <Filter>源文件\instructions\constants</Filter>
    </ClCompile>
    <ClCompile Include="instructions\comparisons\dcmp.c">
      <Filter>源文件\instructions\comparisons</Filter>
    </ClCompile>
    <ClCompile Include="instructions\control\goto.c">
      <Filter>源文件\instructions\control</Filter>
    </ClCompile>
    <ClCompile Include="instructions\conversions\d2x.c">
      <Filter>源文件\instructions\conversions</Filter>
    </ClCompile>
    <ClCompile Include="instructions\conversions\f2x.c">
      <Filter>源文件\instructions\conversions</Filter>
    </ClCompile>
    <ClCompile Include="instructions\extended\goto_w.c">
      <Filter>源文件\instructions\extended</Filter>
    </ClCompile>
    <ClCompile Include="instructions\loads\aload.c">
      <Filter>源文件\instructions\loads</Filter>
    </ClCompile>
    <ClCompile Include="instructions\math\add.c">
      <Filter>源文件\instructions\math</Filter>
    </ClCompile>
    <ClCompile Include="instructions\stores\astore.c">
      <Filter>源文件\instructions\stores</Filter>
    </ClCompile>
    <ClCompile Include="instructions\stack\dup.c">
      <Filter>源文件\instructions\stack</Filter>
    </ClCompile>
    <ClCompile Include="instructions\comparisons\fcmp.c">
      <Filter>源文件\instructions\comparisons</Filter>
    </ClCompile>
    <ClCompile Include="instructions\comparisons\if_acmp.c">
      <Filter>源文件\instructions\comparisons</Filter>
    </ClCompile>
    <ClCompile Include="instructions\comparisons\if_icmp.c">
      <Filter>源文件\instructions\comparisons</Filter>
    </ClCompile>
    <ClCompile Include="instructions\comparisons\ifcond.c">
      <Filter>源文件\instructions\comparisons</Filter>
    </ClCompile>
    <ClCompile Include="instructions\comparisons\lcmp.c">
      <Filter>源文件\instructions\comparisons</Filter>
    </ClCompile>
    <ClCompile Include="instructions\constants\const.c">
      <Filter>源文件\instructions\constants</Filter>
    </ClCompile>
    <ClCompile Include="instructions\constants\ipush.c">
      <Filter>源文件\instructions\constants</Filter>
    </ClCompile>
    <ClCompile Include="instructions\control\lookupswitch.c">
      <Filter>源文件\instructions\control</Filter>
    </ClCompile>
    <ClCompile Include="instructions\control\tableswitch.c">
      <Filter>源文件\instructions\control</Filter>
    </ClCompile>
    <ClCompile Include="instructions\stores\istore.c">
      <Filter>源文件\instructions\stores</Filter>
    </ClCompile>
    <ClCompile Include="instructions\loads\iload.c">
      <Filter>源文件\instructions\loads</Filter>
    </ClCompile>
    <ClCompile Include="instructions\math\iinc.c">
      <Filter>源文件\instructions\math</Filter>
    </ClCompile>
    <ClCompile Include="instructions\math\and.c">
      <Filter>源文件\instructions\math</Filter>
    </ClCompile>
    <ClCompile Include="instructions\math\div.c">
      <Filter>源文件\instructions\math</Filter>
    </ClCompile>
    <ClCompile Include="instructions\math\mul.c">
      <Filter>源文件\instructions\math</Filter>
    </ClCompile>
    <ClCompile Include="instructions\math\sub.c">
      <Filter>源文件\instructions\math</Filter>
    </ClCompile>
    <ClCompile Include="instructions\math\neg.c">
      <Filter>源文件\instructions\math</Filter>
    </ClCompile>
    <ClCompile Include="instructions\math\or.c">
      <Filter>源文件\instructions\math</Filter>
    </ClCompile>
    <ClCompile Include="instructions\math\rem.c">
      <Filter>源文件\instructions\math</Filter>
    </ClCompile>
    <ClCompile Include="instructions\math\sh.c">
      <Filter>源文件\instructions\math</Filter>
    </ClCompile>
    <ClCompile Include="instructions\math\xor.c">
      <Filter>源文件\instructions\math</Filter>
    </ClCompile>
    <ClCompile Include="instructions\conversions\i2x.c">
      <Filter>源文件\instructions\conversions</Filter>
    </ClCompile>
    <ClCompile Include="instructions\conversions\l2x.c">
      <Filter>源文件\instructions\conversions</Filter>
    </ClCompile>
    <ClCompile Include="instructions\extended\ifnull.c">
      <Filter>源文件\instructions\extended</Filter>
    </ClCompile>
    <ClCompile Include="instructions\extended\wide.c">
      <Filter>源文件\instructions\extended</Filter>
    </ClCompile>
    <ClCompile Include="instructions\loads\dload.c">
      <Filter>源文件\instructions\loads</Filter>
    </ClCompile>
    <ClCompile Include="instructions\loads\fload.c">
      <Filter>源文件\instructions\loads</Filter>
    </ClCompile>
    <ClCompile Include="instructions\loads\lload.c">
      <Filter>源文件\instructions\loads</Filter>
    </ClCompile>
    <ClCompile Include="instructions\stack\pop.c">
      <Filter>源文件\instructions\stack</Filter>
    </ClCompile>
    <ClCompile Include="instructions\stack\swap.c">
      <Filter>源文件\instructions\stack</Filter>
    </ClCompile>
    <ClCompile Include="instructions\stores\dstore.c">
      <Filter>源文件\instructions\stores</Filter>
    </ClCompile>
    <ClCompile Include="instructions\stores\fstore.c">
      <Filter>源文件\instructions\stores</Filter>
    </ClCompile>
    <ClCompile Include="instructions\stores\lstore.c">
      <Filter>源文件\instructions\stores</Filter>
    </ClCompile>
    <ClCompile Include="rtda\heap\class.c">
      <Filter>源文件\rtda\heap</Filter>
    </ClCompile>
    <ClCompile Include="rtda\heap\class_attribute_info.c">
      <Filter>源文件\rtda\heap</Filter>
    </ClCompile>
    <ClCompile Include="rtda\heap\method.c">
      <Filter>源文件\rtda\heap</Filter>
    </ClCompile>
    <ClCompile Include="rtda\heap\class_member.c">
      <Filter>源文件\rtda\heap</Filter>
    </ClCompile>
    <ClCompile Include="rtda\heap\field.c">
      <Filter>源文件\rtda\heap</Filter>
    </ClCompile>
    <ClCompile Include="rtda\heap\class_loader.c">
      <Filter>源文件\rtda\heap</Filter>
    </ClCompile>
    <ClCompile Include="rtda\heap\slot.c">
      <Filter>源文件\rtda\heap</Filter>
    </ClCompile>
  </ItemGroup>
  <ItemGroup>
    <ClInclude Include="getopt.h">
      <Filter>头文件</Filter>
    </ClInclude>
    <ClInclude Include="classpath\entry.h">
      <Filter>头文件</Filter>
    </ClInclude>
    <ClInclude Include="classpath\classpath.h">
      <Filter>头文件</Filter>
    </ClInclude>
    <ClInclude Include="miniz\minizip.h">
      <Filter>头文件</Filter>
    </ClInclude>
    <ClInclude Include="miniz\miniz_wrapper.h">
      <Filter>头文件</Filter>
    </ClInclude>
    <ClInclude Include="strings\strings.h">
      <Filter>头文件</Filter>
    </ClInclude>
    <ClInclude Include="classfile\classfile.h">
      <Filter>头文件</Filter>
    </ClInclude>
    <ClInclude Include="classfile\attribute_info.h">
      <Filter>头文件</Filter>
    </ClInclude>
    <ClInclude Include="rtda\frame.h">
      <Filter>头文件</Filter>
    </ClInclude>
    <ClInclude Include="rtda\object.h">
      <Filter>头文件</Filter>
    </ClInclude>
    <ClInclude Include="rtda\rtda.h">
      <Filter>头文件</Filter>
    </ClInclude>
    <ClInclude Include="rtda\local_vars.h">
      <Filter>头文件</Filter>
    </ClInclude>
    <ClInclude Include="rtda\operand_stack.h">
      <Filter>头文件</Filter>
    </ClInclude>
    <ClInclude Include="rtda\thread.h">
      <Filter>头文件</Filter>
    </ClInclude>
    <ClInclude Include="interpreter.h">
      <Filter>头文件</Filter>
    </ClInclude>
    <ClInclude Include="instructions\base\bytecode_reader.h">
      <Filter>头文件</Filter>
    </ClInclude>
    <ClInclude Include="instructions\factory.h">
      <Filter>头文件</Filter>
    </ClInclude>
    <ClInclude Include="instructions\instructions.h">
      <Filter>头文件</Filter>
    </ClInclude>
    <ClInclude Include="rtda\heap\class.h">
      <Filter>头文件</Filter>
    </ClInclude>
    <ClInclude Include="rtda\heap\method.h">
      <Filter>头文件</Filter>
    </ClInclude>
    <ClInclude Include="rtda\heap\class_attribute_info.h">
      <Filter>头文件</Filter>
    </ClInclude>
    <ClInclude Include="rtda\heap\class_member.h">
      <Filter>头文件</Filter>
    </ClInclude>
    <ClInclude Include="rtda\heap\field.h">
      <Filter>头文件</Filter>
    </ClInclude>
    <ClInclude Include="rtda\heap\class_loader.h">
      <Filter>头文件</Filter>
    </ClInclude>
    <ClInclude Include="rtda\heap\slot.h">
      <Filter>头文件</Filter>
    </ClInclude>
  </ItemGroup>
</Project>