<?xml version="1.0" encoding="utf-8"?>
<Project ToolsVersion="4.0" xmlns="http://schemas.microsoft.com/developer/msbuild/2003">
  <ItemGroup>
    <Filter Include="源文件">
      <UniqueIdentifier>{4FC737F1-C7A5-4376-A066-2A32D752A2FF}</UniqueIdentifier>
      <Extensions>cpp;c;cc;cxx;def;odl;idl;hpj;bat;asm;asmx</Extensions>
    </Filter>
    <Filter Include="头文件">
      <UniqueIdentifier>{93995380-89BD-4b04-88EB-625FBE52EBFB}</UniqueIdentifier>
      <Extensions>h;hh;hpp;hxx;hm;inl;inc;xsd</Extensions>
    </Filter>
    <Filter Include="资源文件">
      <UniqueIdentifier>{67DA6AB6-F800-4c08-8B7A-83BB121AAD01}</UniqueIdentifier>
      <Extensions>rc;ico;cur;bmp;dlg;rc2;rct;bin;rgs;gif;jpg;jpeg;jpe;resx;tiff;tif;png;wav;mfcribbon-ms</Extensions>
    </Filter>
    <Filter Include="源文件\classpath">
      <UniqueIdentifier>{3c30e5a3-768e-4ee8-b9a6-b1d0539c998e}</UniqueIdentifier>
    </Filter>
    <Filter Include="源文件\strings">
      <UniqueIdentifier>{43dc46f1-d35c-4b1d-b5f0-4d6724ed9227}</UniqueIdentifier>
    </Filter>
    <Filter Include="源文件\miniz">
      <UniqueIdentifier>{ba36d249-d800-4615-ac38-25c1073ab6d5}</UniqueIdentifier>
    </Filter>
    <Filter Include="源文件\classfile">
      <UniqueIdentifier>{f9e1de48-9e6f-4929-86bb-90da6ef02f5a}</UniqueIdentifier>
    </Filter>
    <Filter Include="源文件\rtda">
      <UniqueIdentifier>{ffa4ad8e-46b0-4af3-9342-3d8ac0ecb467}</UniqueIdentifier>
    </Filter>
  </ItemGroup>
  <ItemGroup>
    <ClCompile Include="main.c">
      <Filter>源文件</Filter>
    </ClCompile>
    <ClCompile Include="classpath\entry.c">
      <Filter>源文件\classpath</Filter>
    </ClCompile>
    <ClCompile Include="classpath\entry_dir.c">
      <Filter>源文件\classpath</Filter>
    </ClCompile>
    <ClCompile Include="classpath\entry_composite.c">
      <Filter>源文件\classpath</Filter>
    </ClCompile>
    <ClCompile Include="classpath\entry_wildcard.c">
      <Filter>源文件\classpath</Filter>
    </ClCompile>
    <ClCompile Include="classpath\entry_zip.c">
      <Filter>源文件\classpath</Filter>
    </ClCompile>
    <ClCompile Include="classpath\classpath.c">
      <Filter>源文件\classpath</Filter>
    </ClCompile>
    <ClCompile Include="strings\strings.c">
      <Filter>源文件\strings</Filter>
    </ClCompile>
    <ClCompile Include="miniz\minizip.c">
      <Filter>源文件\miniz</Filter>
    </ClCompile>
    <ClCompile Include="classfile\classfile.c">
      <Filter>源文件\classfile</Filter>
    </ClCompile>
    <ClCompile Include="classfile\attribute_info.c">
      <Filter>源文件\classfile</Filter>
    </ClCompile>
    <ClCompile Include="rtda\frame.c">
      <Filter>源文件\rtda</Filter>
    </ClCompile>
    <ClCompile Include="rtda\object.c">
      <Filter>源文件\rtda</Filter>
    </ClCompile>
    <ClCompile Include="rtda\thread.c">
      <Filter>源文件\rtda</Filter>
    </ClCompile>
    <ClCompile Include="rtda\jvm_stack.c">
      <Filter>源文件\rtda</Filter>
    </ClCompile>
    <ClCompile Include="rtda\operand_stack.c">
      <Filter>源文件\rtda</Filter>
    </ClCompile>
    <ClCompile Include="rtda\local_vars.c">
      <Filter>源文件\rtda</Filter>
    </ClCompile>
  </ItemGroup>
  <ItemGroup>
    <ClInclude Include="getopt.h">
      <Filter>头文件</Filter>
    </ClInclude>
    <ClInclude Include="classpath\entry.h">
      <Filter>头文件</Filter>
    </ClInclude>
    <ClInclude Include="classpath\classpath.h">
      <Filter>头文件</Filter>
    </ClInclude>
    <ClInclude Include="miniz\minizip.h">
      <Filter>头文件</Filter>
    </ClInclude>
    <ClInclude Include="miniz\miniz_wrapper.h">
      <Filter>头文件</Filter>
    </ClInclude>
    <ClInclude Include="strings\strings.h">
      <Filter>头文件</Filter>
    </ClInclude>
    <ClInclude Include="classfile\classfile.h">
      <Filter>头文件</Filter>
    </ClInclude>
    <ClInclude Include="classfile\attribute_info.h">
      <Filter>头文件</Filter>
    </ClInclude>
    <ClInclude Include="rtda\frame.h">
      <Filter>头文件</Filter>
    </ClInclude>
    <ClInclude Include="rtda\object.h">
      <Filter>头文件</Filter>
    </ClInclude>
    <ClInclude Include="rtda\rtda.h">
      <Filter>头文件</Filter>
    </ClInclude>
    <ClInclude Include="rtda\local_vars.h">
      <Filter>头文件</Filter>
    </ClInclude>
    <ClInclude Include="rtda\operand_stack.h">
      <Filter>头文件</Filter>
    </ClInclude>
  </ItemGroup>
</Project>